# This file is automatically @generated by Cargo.
# It is not intended for manual editing.
[[package]]
name = "huji"
version = "0.1.1"

[[package]]
name = "rrwg"
version = "0.1.0"
dependencies = [
 "huji",
 "toml",
]

[[package]]
name = "serde"
version = "1.0.112"
source = "registry+https://github.com/rust-lang/crates.io-index"
checksum = "736aac72d1eafe8e5962d1d1c3d99b0df526015ba40915cb3c49d042e92ec243"

[[package]]
name = "toml"
version = "0.5.6"
source = "registry+https://github.com/rust-lang/crates.io-index"
checksum = "ffc92d160b1eef40665be3a05630d003936a3bc7da7421277846c2613e92c71a"
dependencies = [
 "serde",
]
