# This file is automatically @generated by Cargo.
# It is not intended for manual editing.
[[package]]
name = "bencher"
version = "0.1.5"
source = "registry+https://github.com/rust-lang/crates.io-index"
checksum = "7dfdb4953a096c551ce9ace855a604d702e6e62d77fac690575ae347571717f5"

[[package]]
name = "exitcode"
version = "1.1.2"
source = "registry+https://github.com/rust-lang/crates.io-index"
checksum = "de853764b47027c2e862a995c34978ffa63c1501f2e15f987ba11bd4f9bba193"

[[package]]
name = "huji"
version = "0.1.1"
dependencies = [
 "bencher",
 "exitcode",
]

[[package]]
name = "matgrid"
version = "0.0.0"

[[package]]
name = "rrwg"
version = "0.1.0"
dependencies = [
 "huji",
 "walks",
]

[[package]]
name = "walks"
version = "0.0.0"
dependencies = [
 "huji",
 "matgrid",
]
